
Microsoft Visual Studio Solution File, Format Version 12.00
# Visual Studio 15
VisualStudioVersion = 15.0.28307.329
MinimumVisualStudioVersion = 10.0.40219.1
Project("{9A19103F-16F7-4668-BE54-9A1E7A4F7556}") = "GestaoProdutos", "GestaoProdutos\GestaoProdutos.csproj", "{453436C3-87A1-4D7D-A6AE-361B10AC4E92}"
EndProject
Project("{E24C65DC-7377-472B-9ABA-BC803B73C61A}") = "GestaoProdutosClient", "GestaoProdutosClient\", "{84500E0D-8E3C-4809-936E-0B4D05D2F548}"
	ProjectSection(WebsiteProperties) = preProject
		TargetFrameworkMoniker = ".NETFramework,Version%3Dv4.0"
		Debug.AspNetCompiler.VirtualPath = "/localhost_60596"
		Debug.AspNetCompiler.PhysicalPath = "GestaoProdutosClient\"
		Debug.AspNetCompiler.TargetPath = "PrecompiledWeb\localhost_60596\"
		Debug.AspNetCompiler.Updateable = "true"
		Debug.AspNetCompiler.ForceOverwrite = "true"
		Debug.AspNetCompiler.FixedNames = "false"
		Debug.AspNetCompiler.Debug = "True"
		Release.AspNetCompiler.VirtualPath = "/localhost_60596"
		Release.AspNetCompiler.PhysicalPath = "GestaoProdutosClient\"
		Release.AspNetCompiler.TargetPath = "PrecompiledWeb\localhost_60596\"
		Release.AspNetCompiler.Updateable = "true"
		Release.AspNetCompiler.ForceOverwrite = "true"
		Release.AspNetCompiler.FixedNames = "false"
		Release.AspNetCompiler.Debug = "False"
		VWDPort = "60596"
		SlnRelativePath = "GestaoProdutosClient\"
	EndProjectSection
EndProject
Project("{FAE04EC0-301F-11D3-BF4B-00C04F79EFBC}") = "GestaoProdutosTest", "GestaoProdutosTest\GestaoProdutosTest.csproj", "{F15CBD19-1CC9-4EDA-89A3-7135FDA3AD16}"
EndProject
Global
	GlobalSection(SolutionConfigurationPlatforms) = preSolution
		Debug|Any CPU = Debug|Any CPU
		Debug|x86 = Debug|x86
		Release|Any CPU = Release|Any CPU
		Release|x86 = Release|x86
	EndGlobalSection
	GlobalSection(ProjectConfigurationPlatforms) = postSolution
		{453436C3-87A1-4D7D-A6AE-361B10AC4E92}.Debug|Any CPU.ActiveCfg = Debug|Any CPU
		{453436C3-87A1-4D7D-A6AE-361B10AC4E92}.Debug|Any CPU.Build.0 = Debug|Any CPU
		{453436C3-87A1-4D7D-A6AE-361B10AC4E92}.Debug|x86.ActiveCfg = Debug|Any CPU
		{453436C3-87A1-4D7D-A6AE-361B10AC4E92}.Debug|x86.Build.0 = Debug|Any CPU
		{453436C3-87A1-4D7D-A6AE-361B10AC4E92}.Release|Any CPU.ActiveCfg = Release|Any CPU
		{453436C3-87A1-4D7D-A6AE-361B10AC4E92}.Release|Any CPU.Build.0 = Release|Any CPU
		{453436C3-87A1-4D7D-A6AE-361B10AC4E92}.Release|x86.ActiveCfg = Release|Any CPU
		{453436C3-87A1-4D7D-A6AE-361B10AC4E92}.Release|x86.Build.0 = Release|Any CPU
		{84500E0D-8E3C-4809-936E-0B4D05D2F548}.Debug|Any CPU.ActiveCfg = Debug|Any CPU
		{84500E0D-8E3C-4809-936E-0B4D05D2F548}.Debug|Any CPU.Build.0 = Debug|Any CPU
		{84500E0D-8E3C-4809-936E-0B4D05D2F548}.Debug|x86.ActiveCfg = Debug|Any CPU
		{84500E0D-8E3C-4809-936E-0B4D05D2F548}.Debug|x86.Build.0 = Debug|Any CPU
		{84500E0D-8E3C-4809-936E-0B4D05D2F548}.Release|Any CPU.ActiveCfg = Debug|Any CPU
		{84500E0D-8E3C-4809-936E-0B4D05D2F548}.Release|Any CPU.Build.0 = Debug|Any CPU
		{84500E0D-8E3C-4809-936E-0B4D05D2F548}.Release|x86.ActiveCfg = Debug|Any CPU
		{84500E0D-8E3C-4809-936E-0B4D05D2F548}.Release|x86.Build.0 = Debug|Any CPU
		{F15CBD19-1CC9-4EDA-89A3-7135FDA3AD16}.Debug|Any CPU.ActiveCfg = Debug|Any CPU
		{F15CBD19-1CC9-4EDA-89A3-7135FDA3AD16}.Debug|Any CPU.Build.0 = Debug|Any CPU
		{F15CBD19-1CC9-4EDA-89A3-7135FDA3AD16}.Debug|x86.ActiveCfg = Debug|Any CPU
		{F15CBD19-1CC9-4EDA-89A3-7135FDA3AD16}.Debug|x86.Build.0 = Debug|Any CPU
		{F15CBD19-1CC9-4EDA-89A3-7135FDA3AD16}.Release|Any CPU.ActiveCfg = Release|Any CPU
		{F15CBD19-1CC9-4EDA-89A3-7135FDA3AD16}.Release|Any CPU.Build.0 = Release|Any CPU
		{F15CBD19-1CC9-4EDA-89A3-7135FDA3AD16}.Release|x86.ActiveCfg = Release|Any CPU
		{F15CBD19-1CC9-4EDA-89A3-7135FDA3AD16}.Release|x86.Build.0 = Release|Any CPU
	EndGlobalSection
	GlobalSection(SolutionProperties) = preSolution
		HideSolutionNode = FALSE
	EndGlobalSection
	GlobalSection(ExtensibilityGlobals) = postSolution
		SolutionGuid = {50C9398F-0889-448C-8F95-512DE87897F4}
	EndGlobalSection
EndGlobal
